// !$*UTF8*$!
{
	archiveVersion = 1;
	classes = {
	};
	objectVersion = 50;
	objects = {

/* Begin PBXBuildFile section */
		301ADA52215CC0F900D7059E /* NibLoadable.swift in Sources */ = {isa = PBXBuildFile; fileRef = 301ADA51215CC0F900D7059E /* NibLoadable.swift */; };
		301ADA54215CC11800D7059E /* Reusable.swift in Sources */ = {isa = PBXBuildFile; fileRef = 301ADA53215CC11800D7059E /* Reusable.swift */; };
		302A1426215AA24600E578DC /* BasicTableViewCell.swift in Sources */ = {isa = PBXBuildFile; fileRef = 302A1424215AA24600E578DC /* BasicTableViewCell.swift */; };
		302A1427215AA24600E578DC /* BasicTableViewCell.xib in Resources */ = {isa = PBXBuildFile; fileRef = 302A1425215AA24600E578DC /* BasicTableViewCell.xib */; };
		302A142C215AA54A00E578DC /* UITableView+Reusable.swift in Sources */ = {isa = PBXBuildFile; fileRef = 302A142B215AA54A00E578DC /* UITableView+Reusable.swift */; };
		3053F2CB215A80910069A72A /* TableKind.swift in Sources */ = {isa = PBXBuildFile; fileRef = 3053F2CA215A80910069A72A /* TableKind.swift */; };
		3053F2CF215A85330069A72A /* SingleSectionSameItemsViewController.swift in Sources */ = {isa = PBXBuildFile; fileRef = 3053F2CE215A85330069A72A /* SingleSectionSameItemsViewController.swift */; };
		3053F2D1215A856B0069A72A /* SingleSection.storyboard in Resources */ = {isa = PBXBuildFile; fileRef = 3053F2D0215A856B0069A72A /* SingleSection.storyboard */; };
		30A65D00215B3F0800B4EF64 /* TableKindTableViewCell.swift in Sources */ = {isa = PBXBuildFile; fileRef = 30A65CFE215B3F0800B4EF64 /* TableKindTableViewCell.swift */; };
		30A65D01215B3F0800B4EF64 /* TableKindTableViewCell.xib in Resources */ = {isa = PBXBuildFile; fileRef = 30A65CFF215B3F0800B4EF64 /* TableKindTableViewCell.xib */; };
		30B403BE215A619500816068 /* AppDelegate.swift in Sources */ = {isa = PBXBuildFile; fileRef = 30B403BD215A619500816068 /* AppDelegate.swift */; };
		30B403C0215A619500816068 /* MainViewController.swift in Sources */ = {isa = PBXBuildFile; fileRef = 30B403BF215A619500816068 /* MainViewController.swift */; };
		30B403C3215A619500816068 /* Main.storyboard in Resources */ = {isa = PBXBuildFile; fileRef = 30B403C1215A619500816068 /* Main.storyboard */; };
		30B403C5215A619600816068 /* Assets.xcassets in Resources */ = {isa = PBXBuildFile; fileRef = 30B403C4215A619600816068 /* Assets.xcassets */; };
		30B403C8215A619600816068 /* LaunchScreen.storyboard in Resources */ = {isa = PBXBuildFile; fileRef = 30B403C6215A619600816068 /* LaunchScreen.storyboard */; };
/* End PBXBuildFile section */

/* Begin PBXFileReference section */
		301ADA51215CC0F900D7059E /* NibLoadable.swift */ = {isa = PBXFileReference; lastKnownFileType = sourcecode.swift; path = NibLoadable.swift; sourceTree = "<group>"; };
		301ADA53215CC11800D7059E /* Reusable.swift */ = {isa = PBXFileReference; lastKnownFileType = sourcecode.swift; path = Reusable.swift; sourceTree = "<group>"; };
		302A1424215AA24600E578DC /* BasicTableViewCell.swift */ = {isa = PBXFileReference; lastKnownFileType = sourcecode.swift; path = BasicTableViewCell.swift; sourceTree = "<group>"; };
		302A1425215AA24600E578DC /* BasicTableViewCell.xib */ = {isa = PBXFileReference; lastKnownFileType = file.xib; path = BasicTableViewCell.xib; sourceTree = "<group>"; };
		302A142B215AA54A00E578DC /* UITableView+Reusable.swift */ = {isa = PBXFileReference; lastKnownFileType = sourcecode.swift; path = "UITableView+Reusable.swift"; sourceTree = "<group>"; };
		3053F2CA215A80910069A72A /* TableKind.swift */ = {isa = PBXFileReference; lastKnownFileType = sourcecode.swift; path = TableKind.swift; sourceTree = "<group>"; };
		3053F2CE215A85330069A72A /* SingleSectionSameItemsViewController.swift */ = {isa = PBXFileReference; lastKnownFileType = sourcecode.swift; path = SingleSectionSameItemsViewController.swift; sourceTree = "<group>"; };
		3053F2D0215A856B0069A72A /* SingleSection.storyboard */ = {isa = PBXFileReference; lastKnownFileType = file.storyboard; path = SingleSection.storyboard; sourceTree = "<group>"; };
		30A65CFE215B3F0800B4EF64 /* TableKindTableViewCell.swift */ = {isa = PBXFileReference; lastKnownFileType = sourcecode.swift; path = TableKindTableViewCell.swift; sourceTree = "<group>"; };
		30A65CFF215B3F0800B4EF64 /* TableKindTableViewCell.xib */ = {isa = PBXFileReference; lastKnownFileType = file.xib; path = TableKindTableViewCell.xib; sourceTree = "<group>"; };
		30B403BA215A619500816068 /* TableViewPractice.app */ = {isa = PBXFileReference; explicitFileType = wrapper.application; includeInIndex = 0; path = TableViewPractice.app; sourceTree = BUILT_PRODUCTS_DIR; };
		30B403BD215A619500816068 /* AppDelegate.swift */ = {isa = PBXFileReference; lastKnownFileType = sourcecode.swift; path = AppDelegate.swift; sourceTree = "<group>"; };
		30B403BF215A619500816068 /* MainViewController.swift */ = {isa = PBXFileReference; lastKnownFileType = sourcecode.swift; path = MainViewController.swift; sourceTree = "<group>"; };
		30B403C2215A619500816068 /* Base */ = {isa = PBXFileReference; lastKnownFileType = file.storyboard; name = Base; path = Base.lproj/Main.storyboard; sourceTree = "<group>"; };
		30B403C4215A619600816068 /* Assets.xcassets */ = {isa = PBXFileReference; lastKnownFileType = folder.assetcatalog; path = Assets.xcassets; sourceTree = "<group>"; };
		30B403C7215A619600816068 /* Base */ = {isa = PBXFileReference; lastKnownFileType = file.storyboard; name = Base; path = Base.lproj/LaunchScreen.storyboard; sourceTree = "<group>"; };
		30B403C9215A619600816068 /* Info.plist */ = {isa = PBXFileReference; lastKnownFileType = text.plist.xml; path = Info.plist; sourceTree = "<group>"; };
/* End PBXFileReference section */

/* Begin PBXFrameworksBuildPhase section */
		30B403B7215A619500816068 /* Frameworks */ = {
			isa = PBXFrameworksBuildPhase;
			buildActionMask = 2147483647;
			files = (
			);
			runOnlyForDeploymentPostprocessing = 0;
		};
/* End PBXFrameworksBuildPhase section */

/* Begin PBXGroup section */
		301ADA56215CC4F400D7059E /* Common */ = {
			isa = PBXGroup;
			children = (
				302A1423215AA1D100E578DC /* View */,
			);
			path = Common;
			sourceTree = "<group>";
		};
		302A1423215AA1D100E578DC /* View */ = {
			isa = PBXGroup;
			children = (
				302A1424215AA24600E578DC /* BasicTableViewCell.swift */,
				302A1425215AA24600E578DC /* BasicTableViewCell.xib */,
			);
			path = View;
			sourceTree = "<group>";
		};
		302A1428215AA2DC00E578DC /* Model */ = {
			isa = PBXGroup;
			children = (
				3053F2CA215A80910069A72A /* TableKind.swift */,
			);
			path = Model;
			sourceTree = "<group>";
		};
		302A142D215AA5AD00E578DC /* Extension */ = {
			isa = PBXGroup;
			children = (
				301ADA51215CC0F900D7059E /* NibLoadable.swift */,
				301ADA53215CC11800D7059E /* Reusable.swift */,
				302A142B215AA54A00E578DC /* UITableView+Reusable.swift */,
			);
			path = Extension;
			sourceTree = "<group>";
		};
		3053F2C9215A651D0069A72A /* Main */ = {
			isa = PBXGroup;
			children = (
				30A65CFD215B3EE400B4EF64 /* View */,
				302A1428215AA2DC00E578DC /* Model */,
				30B403BF215A619500816068 /* MainViewController.swift */,
				30B403C1215A619500816068 /* Main.storyboard */,
			);
			path = Main;
			sourceTree = "<group>";
		};
		3053F2CC215A83EA0069A72A /* Single Section */ = {
			isa = PBXGroup;
			children = (
				3053F2CE215A85330069A72A /* SingleSectionSameItemsViewController.swift */,
				3053F2D0215A856B0069A72A /* SingleSection.storyboard */,
			);
			path = "Single Section";
			sourceTree = "<group>";
		};
		306F5C28215A638D00A6B64C /* Support Files */ = {
			isa = PBXGroup;
			children = (
				30B403BD215A619500816068 /* AppDelegate.swift */,
				30B403C4215A619600816068 /* Assets.xcassets */,
				30B403C6215A619600816068 /* LaunchScreen.storyboard */,
				30B403C9215A619600816068 /* Info.plist */,
			);
			path = "Support Files";
			sourceTree = "<group>";
		};
		30A65CFD215B3EE400B4EF64 /* View */ = {
			isa = PBXGroup;
			children = (
				30A65CFE215B3F0800B4EF64 /* TableKindTableViewCell.swift */,
				30A65CFF215B3F0800B4EF64 /* TableKindTableViewCell.xib */,
			);
			path = View;
			sourceTree = "<group>";
		};
		30B403B1215A619500816068 = {
			isa = PBXGroup;
			children = (
				30B403BC215A619500816068 /* TableViewPractice */,
				30B403BB215A619500816068 /* Products */,
			);
			sourceTree = "<group>";
		};
		30B403BB215A619500816068 /* Products */ = {
			isa = PBXGroup;
			children = (
				30B403BA215A619500816068 /* TableViewPractice.app */,
			);
			name = Products;
			sourceTree = "<group>";
		};
		30B403BC215A619500816068 /* TableViewPractice */ = {
			isa = PBXGroup;
			children = (
				302A142D215AA5AD00E578DC /* Extension */,
				301ADA56215CC4F400D7059E /* Common */,
				3053F2C9215A651D0069A72A /* Main */,
				3053F2CC215A83EA0069A72A /* Single Section */,
				306F5C28215A638D00A6B64C /* Support Files */,
			);
			path = TableViewPractice;
			sourceTree = "<group>";
		};
/* End PBXGroup section */

/* Begin PBXNativeTarget section */
		30B403B9215A619500816068 /* TableViewPractice */ = {
			isa = PBXNativeTarget;
			buildConfigurationList = 30B403CC215A619600816068 /* Build configuration list for PBXNativeTarget "TableViewPractice" */;
			buildPhases = (
				30B403B6215A619500816068 /* Sources */,
				30B403B7215A619500816068 /* Frameworks */,
				30B403B8215A619500816068 /* Resources */,
			);
			buildRules = (
			);
			dependencies = (
			);
			name = TableViewPractice;
			productName = TableViewPractice;
			productReference = 30B403BA215A619500816068 /* TableViewPractice.app */;
			productType = "com.apple.product-type.application";
		};
/* End PBXNativeTarget section */

/* Begin PBXProject section */
		30B403B2215A619500816068 /* Project object */ = {
			isa = PBXProject;
			attributes = {
				LastSwiftUpdateCheck = 1000;
				LastUpgradeCheck = 1000;
				ORGANIZATIONNAME = Feather;
				TargetAttributes = {
					30B403B9215A619500816068 = {
						CreatedOnToolsVersion = 10.0;
					};
				};
			};
			buildConfigurationList = 30B403B5215A619500816068 /* Build configuration list for PBXProject "TableViewPractice" */;
			compatibilityVersion = "Xcode 9.3";
			developmentRegion = en;
			hasScannedForEncodings = 0;
			knownRegions = (
				en,
				Base,
			);
			mainGroup = 30B403B1215A619500816068;
			productRefGroup = 30B403BB215A619500816068 /* Products */;
			projectDirPath = "";
			projectRoot = "";
			targets = (
				30B403B9215A619500816068 /* TableViewPractice */,
			);
		};
/* End PBXProject section */

/* Begin PBXResourcesBuildPhase section */
		30B403B8215A619500816068 /* Resources */ = {
			isa = PBXResourcesBuildPhase;
			buildActionMask = 2147483647;
			files = (
				30B403C8215A619600816068 /* LaunchScreen.storyboard in Resources */,
				30B403C5215A619600816068 /* Assets.xcassets in Resources */,
				302A1427215AA24600E578DC /* BasicTableViewCell.xib in Resources */,
				3053F2D1215A856B0069A72A /* SingleSection.storyboard in Resources */,
				30A65D01215B3F0800B4EF64 /* TableKindTableViewCell.xib in Resources */,
				30B403C3215A619500816068 /* Main.storyboard in Resources */,
			);
			runOnlyForDeploymentPostprocessing = 0;
		};
/* End PBXResourcesBuildPhase section */

/* Begin PBXSourcesBuildPhase section */
		30B403B6215A619500816068 /* Sources */ = {
			isa = PBXSourcesBuildPhase;
			buildActionMask = 2147483647;
			files = (
				30B403C0215A619500816068 /* MainViewController.swift in Sources */,
				301ADA52215CC0F900D7059E /* NibLoadable.swift in Sources */,
				302A142C215AA54A00E578DC /* UITableView+Reusable.swift in Sources */,
				301ADA54215CC11800D7059E /* Reusable.swift in Sources */,
				30A65D00215B3F0800B4EF64 /* TableKindTableViewCell.swift in Sources */,
				3053F2CB215A80910069A72A /* TableKind.swift in Sources */,
				30B403BE215A619500816068 /* AppDelegate.swift in Sources */,
				3053F2CF215A85330069A72A /* SingleSectionSameItemsViewController.swift in Sources */,
				302A1426215AA24600E578DC /* BasicTableViewCell.swift in Sources */,
			);
			runOnlyForDeploymentPostprocessing = 0;
		};
/* End PBXSourcesBuildPhase section */

/* Begin PBXVariantGroup section */
		30B403C1215A619500816068 /* Main.storyboard */ = {
			isa = PBXVariantGroup;
			children = (
				30B403C2215A619500816068 /* Base */,
			);
			name = Main.storyboard;
			sourceTree = "<group>";
		};
		30B403C6215A619600816068 /* LaunchScreen.storyboard */ = {
			isa = PBXVariantGroup;
			children = (
				30B403C7215A619600816068 /* Base */,
			);
			name = LaunchScreen.storyboard;
			sourceTree = "<group>";
		};
/* End PBXVariantGroup section */

/* Begin XCBuildConfiguration section */
		30B403CA215A619600816068 /* Debug */ = {
			isa = XCBuildConfiguration;
			buildSettings = {
				ALWAYS_SEARCH_USER_PATHS = NO;
				CLANG_ANALYZER_NONNULL = YES;
				CLANG_ANALYZER_NUMBER_OBJECT_CONVERSION = YES_AGGRESSIVE;
				CLANG_CXX_LANGUAGE_STANDARD = "gnu++14";
				CLANG_CXX_LIBRARY = "libc++";
				CLANG_ENABLE_MODULES = YES;
				CLANG_ENABLE_OBJC_ARC = YES;
				CLANG_ENABLE_OBJC_WEAK = YES;
				CLANG_WARN_BLOCK_CAPTURE_AUTORELEASING = YES;
				CLANG_WARN_BOOL_CONVERSION = YES;
				CLANG_WARN_COMMA = YES;
				CLANG_WARN_CONSTANT_CONVERSION = YES;
				CLANG_WARN_DEPRECATED_OBJC_IMPLEMENTATIONS = YES;
				CLANG_WARN_DIRECT_OBJC_ISA_USAGE = YES_ERROR;
				CLANG_WARN_DOCUMENTATION_COMMENTS = YES;
				CLANG_WARN_EMPTY_BODY = YES;
				CLANG_WARN_ENUM_CONVERSION = YES;
				CLANG_WARN_INFINITE_RECURSION = YES;
				CLANG_WARN_INT_CONVERSION = YES;
				CLANG_WARN_NON_LITERAL_NULL_CONVERSION = YES;
				CLANG_WARN_OBJC_IMPLICIT_RETAIN_SELF = YES;
				CLANG_WARN_OBJC_LITERAL_CONVERSION = YES;
				CLANG_WARN_OBJC_ROOT_CLASS = YES_ERROR;
				CLANG_WARN_RANGE_LOOP_ANALYSIS = YES;
				CLANG_WARN_STRICT_PROTOTYPES = YES;
				CLANG_WARN_SUSPICIOUS_MOVE = YES;
				CLANG_WARN_UNGUARDED_AVAILABILITY = YES_AGGRESSIVE;
				CLANG_WARN_UNREACHABLE_CODE = YES;
				CLANG_WARN__DUPLICATE_METHOD_MATCH = YES;
				CODE_SIGN_IDENTITY = "iPhone Developer";
				COPY_PHASE_STRIP = NO;
				DEBUG_INFORMATION_FORMAT = dwarf;
				ENABLE_STRICT_OBJC_MSGSEND = YES;
				ENABLE_TESTABILITY = YES;
				GCC_C_LANGUAGE_STANDARD = gnu11;
				GCC_DYNAMIC_NO_PIC = NO;
				GCC_NO_COMMON_BLOCKS = YES;
				GCC_OPTIMIZATION_LEVEL = 0;
				GCC_PREPROCESSOR_DEFINITIONS = (
					"DEBUG=1",
					"$(inherited)",
				);
				GCC_WARN_64_TO_32_BIT_CONVERSION = YES;
				GCC_WARN_ABOUT_RETURN_TYPE = YES_ERROR;
				GCC_WARN_UNDECLARED_SELECTOR = YES;
				GCC_WARN_UNINITIALIZED_AUTOS = YES_AGGRESSIVE;
				GCC_WARN_UNUSED_FUNCTION = YES;
				GCC_WARN_UNUSED_VARIABLE = YES;
				IPHONEOS_DEPLOYMENT_TARGET = 12.0;
				MTL_ENABLE_DEBUG_INFO = INCLUDE_SOURCE;
				MTL_FAST_MATH = YES;
				ONLY_ACTIVE_ARCH = YES;
				SDKROOT = iphoneos;
				SWIFT_ACTIVE_COMPILATION_CONDITIONS = DEBUG;
				SWIFT_OPTIMIZATION_LEVEL = "-Onone";
			};
			name = Debug;
		};
		30B403CB215A619600816068 /* Release */ = {
			isa = XCBuildConfiguration;
			buildSettings = {
				ALWAYS_SEARCH_USER_PATHS = NO;
				CLANG_ANALYZER_NONNULL = YES;
				CLANG_ANALYZER_NUMBER_OBJECT_CONVERSION = YES_AGGRESSIVE;
				CLANG_CXX_LANGUAGE_STANDARD = "gnu++14";
				CLANG_CXX_LIBRARY = "libc++";
				CLANG_ENABLE_MODULES = YES;
				CLANG_ENABLE_OBJC_ARC = YES;
				CLANG_ENABLE_OBJC_WEAK = YES;
				CLANG_WARN_BLOCK_CAPTURE_AUTORELEASING = YES;
				CLANG_WARN_BOOL_CONVERSION = YES;
				CLANG_WARN_COMMA = YES;
				CLANG_WARN_CONSTANT_CONVERSION = YES;
				CLANG_WARN_DEPRECATED_OBJC_IMPLEMENTATIONS = YES;
				CLANG_WARN_DIRECT_OBJC_ISA_USAGE = YES_ERROR;
				CLANG_WARN_DOCUMENTATION_COMMENTS = YES;
				CLANG_WARN_EMPTY_BODY = YES;
				CLANG_WARN_ENUM_CONVERSION = YES;
				CLANG_WARN_INFINITE_RECURSION = YES;
				CLANG_WARN_INT_CONVERSION = YES;
				CLANG_WARN_NON_LITERAL_NULL_CONVERSION = YES;
				CLANG_WARN_OBJC_IMPLICIT_RETAIN_SELF = YES;
				CLANG_WARN_OBJC_LITERAL_CONVERSION = YES;
				CLANG_WARN_OBJC_ROOT_CLASS = YES_ERROR;
				CLANG_WARN_RANGE_LOOP_ANALYSIS = YES;
				CLANG_WARN_STRICT_PROTOTYPES = YES;
				CLANG_WARN_SUSPICIOUS_MOVE = YES;
				CLANG_WARN_UNGUARDED_AVAILABILITY = YES_AGGRESSIVE;
				CLANG_WARN_UNREACHABLE_CODE = YES;
				CLANG_WARN__DUPLICATE_METHOD_MATCH = YES;
				CODE_SIGN_IDENTITY = "iPhone Developer";
				COPY_PHASE_STRIP = NO;
				DEBUG_INFORMATION_FORMAT = "dwarf-with-dsym";
				ENABLE_NS_ASSERTIONS = NO;
				ENABLE_STRICT_OBJC_MSGSEND = YES;
				GCC_C_LANGUAGE_STANDARD = gnu11;
				GCC_NO_COMMON_BLOCKS = YES;
				GCC_WARN_64_TO_32_BIT_CONVERSION = YES;
				GCC_WARN_ABOUT_RETURN_TYPE = YES_ERROR;
				GCC_WARN_UNDECLARED_SELECTOR = YES;
				GCC_WARN_UNINITIALIZED_AUTOS = YES_AGGRESSIVE;
				GCC_WARN_UNUSED_FUNCTION = YES;
				GCC_WARN_UNUSED_VARIABLE = YES;
				IPHONEOS_DEPLOYMENT_TARGET = 12.0;
				MTL_ENABLE_DEBUG_INFO = NO;
				MTL_FAST_MATH = YES;
				SDKROOT = iphoneos;
				SWIFT_COMPILATION_MODE = wholemodule;
				SWIFT_OPTIMIZATION_LEVEL = "-O";
				VALIDATE_PRODUCT = YES;
			};
			name = Release;
		};
		30B403CD215A619600816068 /* Debug */ = {
			isa = XCBuildConfiguration;
			buildSettings = {
				ASSETCATALOG_COMPILER_APPICON_NAME = AppIcon;
				CODE_SIGN_STYLE = Automatic;
				INFOPLIST_FILE = "$(SRCROOT)/TableViewPractice/Support Files/Info.plist";
				IPHONEOS_DEPLOYMENT_TARGET = 11.0;
				LD_RUNPATH_SEARCH_PATHS = (
					"$(inherited)",
					"@executable_path/Frameworks",
				);
				PRODUCT_BUNDLE_IDENTIFIER = com.feather.www.TableViewPractice;
				PRODUCT_NAME = "$(TARGET_NAME)";
				SWIFT_VERSION = 4.2;
				TARGETED_DEVICE_FAMILY = "1,2";
			};
			name = Debug;
		};
		30B403CE215A619600816068 /* Release */ = {
			isa = XCBuildConfiguration;
			buildSettings = {
				ASSETCATALOG_COMPILER_APPICON_NAME = AppIcon;
				CODE_SIGN_STYLE = Automatic;
				INFOPLIST_FILE = "$(SRCROOT)/TableViewPractice/Support Files/Info.plist";
				IPHONEOS_DEPLOYMENT_TARGET = 11.0;
				LD_RUNPATH_SEARCH_PATHS = (
					"$(inherited)",
					"@executable_path/Frameworks",
				);
				PRODUCT_BUNDLE_IDENTIFIER = com.feather.www.TableViewPractice;
				PRODUCT_NAME = "$(TARGET_NAME)";
				SWIFT_VERSION = 4.2;
				TARGETED_DEVICE_FAMILY = "1,2";
			};
			name = Release;
		};
/* End XCBuildConfiguration section */

/* Begin XCConfigurationList section */
		30B403B5215A619500816068 /* Build configuration list for PBXProject "TableViewPractice" */ = {
			isa = XCConfigurationList;
			buildConfigurations = (
				30B403CA215A619600816068 /* Debug */,
				30B403CB215A619600816068 /* Release */,
			);
			defaultConfigurationIsVisible = 0;
			defaultConfigurationName = Release;
		};
		30B403CC215A619600816068 /* Build configuration list for PBXNativeTarget "TableViewPractice" */ = {
			isa = XCConfigurationList;
			buildConfigurations = (
				30B403CD215A619600816068 /* Debug */,
				30B403CE215A619600816068 /* Release */,
			);
			defaultConfigurationIsVisible = 0;
			defaultConfigurationName = Release;
		};
/* End XCConfigurationList section */
	};
	rootObject = 30B403B2215A619500816068 /* Project object */;
}
